// !$*UTF8*$!
{
	archiveVersion = 1;
	classes = {
	};
	objectVersion = 77;
	objects = {

/* Begin PBXBuildFile section */
		C87768C02E1402DF004568A9 /* Reachability in Frameworks */ = {isa = PBXBuildFile; productRef = C87768BF2E1402DF004568A9 /* Reachability */; };
/* End PBXBuildFile section */

/* Begin PBXContainerItemProxy section */
		C81E52532DFAFAAB00CEB7A5 /* PBXContainerItemProxy */ = {
			isa = PBXContainerItemProxy;
			containerPortal = C81E52392DFAFAA900CEB7A5 /* Project object */;
			proxyType = 1;
			remoteGlobalIDString = C81E52402DFAFAA900CEB7A5;
			remoteInfo = kairos24h;
		};
		C81E525D2DFAFAAB00CEB7A5 /* PBXContainerItemProxy */ = {
			isa = PBXContainerItemProxy;
			containerPortal = C81E52392DFAFAA900CEB7A5 /* Project object */;
			proxyType = 1;
			remoteGlobalIDString = C81E52402DFAFAA900CEB7A5;
			remoteInfo = kairos24h;
		};
/* End PBXContainerItemProxy section */

/* Begin PBXFileReference section */
		C81E52412DFAFAA900CEB7A5 /* kairos24h.app */ = {isa = PBXFileReference; explicitFileType = wrapper.application; includeInIndex = 0; path = kairos24h.app; sourceTree = BUILT_PRODUCTS_DIR; };
		C81E52522DFAFAAB00CEB7A5 /* kairos24hTests.xctest */ = {isa = PBXFileReference; explicitFileType = wrapper.cfbundle; includeInIndex = 0; path = kairos24hTests.xctest; sourceTree = BUILT_PRODUCTS_DIR; };
		C81E525C2DFAFAAB00CEB7A5 /* kairos24hUITests.xctest */ = {isa = PBXFileReference; explicitFileType = wrapper.cfbundle; includeInIndex = 0; path = kairos24hUITests.xctest; sourceTree = BUILT_PRODUCTS_DIR; };
/* End PBXFileReference section */

/* Begin PBXFileSystemSynchronizedBuildFileExceptionSet section */
		C81E52642DFAFAAB00CEB7A5 /* Exceptions for "kairos24h" folder in "kairos24h" target */ = {
			isa = PBXFileSystemSynchronizedBuildFileExceptionSet;
			membershipExceptions = (
				Console/PRINT.swift,
				enlaces_internos/URLs.swift,
				Info.plist,
				movil/PantallaFuncional.swift,
				sesionesYSeguridad/AuthManager.swift,
				sesionesYSeguridad/GPS.swift,
				sesionesYSeguridad/ManejoDeSesion.swift,
				sesionesYSeguridad/SeguridadUtils.swift,
			);
			target = C81E52402DFAFAA900CEB7A5 /* kairos24h */;
		};
		C87768CA2E1403BA004568A9 /* Exceptions for "kairos24h" folder in "kairos24hTests" target */ = {
			isa = PBXFileSystemSynchronizedBuildFileExceptionSet;
			membershipExceptions = (
				movil/PagSecundaria.swift,
				"movil/PantallaFuncional 2.swift",
				sesionesYSeguridad/AuthManager.swift,
				sesionesYSeguridad/ManejoDeSesion.swift,
				sesionesYSeguridad/SeguridadUtils.swift,
			);
			target = C81E52512DFAFAAB00CEB7A5 /* kairos24hTests */;
		};
		C87768CB2E1403BA004568A9 /* Exceptions for "kairos24h" folder in "kairos24hUITests" target */ = {
			isa = PBXFileSystemSynchronizedBuildFileExceptionSet;
			membershipExceptions = (
				movil/PagSecundaria.swift,
				"movil/PantallaFuncional 2.swift",
				sesionesYSeguridad/AuthManager.swift,
				sesionesYSeguridad/ManejoDeSesion.swift,
				sesionesYSeguridad/SeguridadUtils.swift,
			);
			target = C81E525B2DFAFAAB00CEB7A5 /* kairos24hUITests */;
		};
/* End PBXFileSystemSynchronizedBuildFileExceptionSet section */

/* Begin PBXFileSystemSynchronizedGroupBuildPhaseMembershipExceptionSet section */
		C87768902E140176004568A9 /* Exceptions for "kairos24h" folder in "Copy Bundle Resources" phase from "kairos24hTests" target */ = {
			isa = PBXFileSystemSynchronizedGroupBuildPhaseMembershipExceptionSet;
			buildPhase = C81E52502DFAFAAB00CEB7A5 /* Resources */;
			membershipExceptions = (
				Console/PRINT.swift,
				enlaces_internos/URLs.swift,
				movil/Fichar.swift,
				movil/PantallaFuncional.swift,
				sesionesYSeguridad/GPS.swift,
			);
		};
		C87768922E140176004568A9 /* Exceptions for "kairos24h" folder in "Copy Bundle Resources" phase from "kairos24hUITests" target */ = {
			isa = PBXFileSystemSynchronizedGroupBuildPhaseMembershipExceptionSet;
			buildPhase = C81E525A2DFAFAAB00CEB7A5 /* Resources */;
			membershipExceptions = (
				Console/PRINT.swift,
				enlaces_internos/URLs.swift,
				movil/Fichar.swift,
				movil/PantallaFuncional.swift,
				sesionesYSeguridad/GPS.swift,
			);
		};
/* End PBXFileSystemSynchronizedGroupBuildPhaseMembershipExceptionSet section */

/* Begin PBXFileSystemSynchronizedRootGroup section */
		C81E52432DFAFAA900CEB7A5 /* kairos24h */ = {
			isa = PBXFileSystemSynchronizedRootGroup;
			exceptions = (
				C81E52642DFAFAAB00CEB7A5 /* Exceptions for "kairos24h" folder in "kairos24h" target */,
				C87768CA2E1403BA004568A9 /* Exceptions for "kairos24h" folder in "kairos24hTests" target */,
				C87768902E140176004568A9 /* Exceptions for "kairos24h" folder in "Copy Bundle Resources" phase from "kairos24hTests" target */,
				C87768CB2E1403BA004568A9 /* Exceptions for "kairos24h" folder in "kairos24hUITests" target */,
				C87768922E140176004568A9 /* Exceptions for "kairos24h" folder in "Copy Bundle Resources" phase from "kairos24hUITests" target */,
			);
			path = kairos24h;
			sourceTree = "<group>";
		};
		C81E52552DFAFAAB00CEB7A5 /* kairos24hTests */ = {
			isa = PBXFileSystemSynchronizedRootGroup;
			path = kairos24hTests;
			sourceTree = "<group>";
		};
		C81E525F2DFAFAAB00CEB7A5 /* kairos24hUITests */ = {
			isa = PBXFileSystemSynchronizedRootGroup;
			path = kairos24hUITests;
			sourceTree = "<group>";
		};
/* End PBXFileSystemSynchronizedRootGroup section */

/* Begin PBXFrameworksBuildPhase section */
		C81E523E2DFAFAA900CEB7A5 /* Frameworks */ = {
			isa = PBXFrameworksBuildPhase;
			buildActionMask = 2147483647;
			files = (
				C87768C02E1402DF004568A9 /* Reachability in Frameworks */,
			);
			runOnlyForDeploymentPostprocessing = 0;
		};
		C81E524F2DFAFAAB00CEB7A5 /* Frameworks */ = {
			isa = PBXFrameworksBuildPhase;
			buildActionMask = 2147483647;
			files = (
			);
			runOnlyForDeploymentPostprocessing = 0;
		};
		C81E52592DFAFAAB00CEB7A5 /* Frameworks */ = {
			isa = PBXFrameworksBuildPhase;
			buildActionMask = 2147483647;
			files = (
			);
			runOnlyForDeploymentPostprocessing = 0;
		};
/* End PBXFrameworksBuildPhase section */

/* Begin PBXGroup section */
		C81E52382DFAFAA900CEB7A5 = {
			isa = PBXGroup;
			children = (
				C81E52432DFAFAA900CEB7A5 /* kairos24h */,
				C81E52552DFAFAAB00CEB7A5 /* kairos24hTests */,
				C81E525F2DFAFAAB00CEB7A5 /* kairos24hUITests */,
				C81E52422DFAFAA900CEB7A5 /* Products */,
			);
			sourceTree = "<group>";
		};
		C81E52422DFAFAA900CEB7A5 /* Products */ = {
			isa = PBXGroup;
			children = (
				C81E52412DFAFAA900CEB7A5 /* kairos24h.app */,
				C81E52522DFAFAAB00CEB7A5 /* kairos24hTests.xctest */,
				C81E525C2DFAFAAB00CEB7A5 /* kairos24hUITests.xctest */,
			);
			name = Products;
			sourceTree = "<group>";
		};
/* End PBXGroup section */

/* Begin PBXNativeTarget section */
		C81E52402DFAFAA900CEB7A5 /* kairos24h */ = {
			isa = PBXNativeTarget;
			buildConfigurationList = C81E52652DFAFAAB00CEB7A5 /* Build configuration list for PBXNativeTarget "kairos24h" */;
			buildPhases = (
				C81E523D2DFAFAA900CEB7A5 /* Sources */,
				C81E523E2DFAFAA900CEB7A5 /* Frameworks */,
				C81E523F2DFAFAA900CEB7A5 /* Resources */,
			);
			buildRules = (
			);
			dependencies = (
			);
			fileSystemSynchronizedGroups = (
				C81E52432DFAFAA900CEB7A5 /* kairos24h */,
			);
			name = kairos24h;
			packageProductDependencies = (
				C87768BF2E1402DF004568A9 /* Reachability */,
			);
			productName = kairos24h;
			productReference = C81E52412DFAFAA900CEB7A5 /* kairos24h.app */;
			productType = "com.apple.product-type.application";
		};
		C81E52512DFAFAAB00CEB7A5 /* kairos24hTests */ = {
			isa = PBXNativeTarget;
			buildConfigurationList = C81E526A2DFAFAAB00CEB7A5 /* Build configuration list for PBXNativeTarget "kairos24hTests" */;
			buildPhases = (
				C81E524E2DFAFAAB00CEB7A5 /* Sources */,
				C81E524F2DFAFAAB00CEB7A5 /* Frameworks */,
				C81E52502DFAFAAB00CEB7A5 /* Resources */,
			);
			buildRules = (
			);
			dependencies = (
				C81E52542DFAFAAB00CEB7A5 /* PBXTargetDependency */,
			);
			fileSystemSynchronizedGroups = (
				C81E52552DFAFAAB00CEB7A5 /* kairos24hTests */,
			);
			name = kairos24hTests;
			packageProductDependencies = (
			);
			productName = kairos24hTests;
			productReference = C81E52522DFAFAAB00CEB7A5 /* kairos24hTests.xctest */;
			productType = "com.apple.product-type.bundle.unit-test";
		};
		C81E525B2DFAFAAB00CEB7A5 /* kairos24hUITests */ = {
			isa = PBXNativeTarget;
			buildConfigurationList = C81E526D2DFAFAAB00CEB7A5 /* Build configuration list for PBXNativeTarget "kairos24hUITests" */;
			buildPhases = (
				C81E52582DFAFAAB00CEB7A5 /* Sources */,
				C81E52592DFAFAAB00CEB7A5 /* Frameworks */,
				C81E525A2DFAFAAB00CEB7A5 /* Resources */,
			);
			buildRules = (
			);
			dependencies = (
				C81E525E2DFAFAAB00CEB7A5 /* PBXTargetDependency */,
			);
			fileSystemSynchronizedGroups = (
				C81E525F2DFAFAAB00CEB7A5 /* kairos24hUITests */,
			);
			name = kairos24hUITests;
			packageProductDependencies = (
			);
			productName = kairos24hUITests;
			productReference = C81E525C2DFAFAAB00CEB7A5 /* kairos24hUITests.xctest */;
			productType = "com.apple.product-type.bundle.ui-testing";
		};
/* End PBXNativeTarget section */

/* Begin PBXProject section */
		C81E52392DFAFAA900CEB7A5 /* Project object */ = {
			isa = PBXProject;
			attributes = {
				BuildIndependentTargetsInParallel = 1;
				LastSwiftUpdateCheck = 1640;
				LastUpgradeCheck = 1640;
				TargetAttributes = {
					C81E52402DFAFAA900CEB7A5 = {
						CreatedOnToolsVersion = 16.4;
					};
					C81E52512DFAFAAB00CEB7A5 = {
						CreatedOnToolsVersion = 16.4;
						TestTargetID = C81E52402DFAFAA900CEB7A5;
					};
					C81E525B2DFAFAAB00CEB7A5 = {
						CreatedOnToolsVersion = 16.4;
						TestTargetID = C81E52402DFAFAA900CEB7A5;
					};
				};
			};
			buildConfigurationList = C81E523C2DFAFAA900CEB7A5 /* Build configuration list for PBXProject "kairos24h" */;
			developmentRegion = en;
			hasScannedForEncodings = 0;
			knownRegions = (
				en,
				Base,
			);
			mainGroup = C81E52382DFAFAA900CEB7A5;
			minimizedProjectReferenceProxies = 1;
			packageReferences = (
				C87768BE2E1402DF004568A9 /* XCRemoteSwiftPackageReference "Reachability.swift" */,
			);
			preferredProjectObjectVersion = 77;
			productRefGroup = C81E52422DFAFAA900CEB7A5 /* Products */;
			projectDirPath = "";
			projectRoot = "";
			targets = (
				C81E52402DFAFAA900CEB7A5 /* kairos24h */,
				C81E52512DFAFAAB00CEB7A5 /* kairos24hTests */,
				C81E525B2DFAFAAB00CEB7A5 /* kairos24hUITests */,
			);
		};
/* End PBXProject section */

/* Begin PBXResourcesBuildPhase section */
		C81E523F2DFAFAA900CEB7A5 /* Resources */ = {
			isa = PBXResourcesBuildPhase;
			buildActionMask = 2147483647;
			files = (
			);
			runOnlyForDeploymentPostprocessing = 0;
		};
		C81E52502DFAFAAB00CEB7A5 /* Resources */ = {
			isa = PBXResourcesBuildPhase;
			buildActionMask = 2147483647;
			files = (
			);
			runOnlyForDeploymentPostprocessing = 0;
		};
		C81E525A2DFAFAAB00CEB7A5 /* Resources */ = {
			isa = PBXResourcesBuildPhase;
			buildActionMask = 2147483647;
			files = (
			);
			runOnlyForDeploymentPostprocessing = 0;
		};
/* End PBXResourcesBuildPhase section */

/* Begin PBXSourcesBuildPhase section */
		C81E523D2DFAFAA900CEB7A5 /* Sources */ = {
			isa = PBXSourcesBuildPhase;
			buildActionMask = 2147483647;
			files = (
			);
			runOnlyForDeploymentPostprocessing = 0;
		};
		C81E524E2DFAFAAB00CEB7A5 /* Sources */ = {
			isa = PBXSourcesBuildPhase;
			buildActionMask = 2147483647;
			files = (
			);
			runOnlyForDeploymentPostprocessing = 0;
		};
		C81E52582DFAFAAB00CEB7A5 /* Sources */ = {
			isa = PBXSourcesBuildPhase;
			buildActionMask = 2147483647;
			files = (
			);
			runOnlyForDeploymentPostprocessing = 0;
		};
/* End PBXSourcesBuildPhase section */

/* Begin PBXTargetDependency section */
		C81E52542DFAFAAB00CEB7A5 /* PBXTargetDependency */ = {
			isa = PBXTargetDependency;
			target = C81E52402DFAFAA900CEB7A5 /* kairos24h */;
			targetProxy = C81E52532DFAFAAB00CEB7A5 /* PBXContainerItemProxy */;
		};
		C81E525E2DFAFAAB00CEB7A5 /* PBXTargetDependency */ = {
			isa = PBXTargetDependency;
			target = C81E52402DFAFAA900CEB7A5 /* kairos24h */;
			targetProxy = C81E525D2DFAFAAB00CEB7A5 /* PBXContainerItemProxy */;
		};
/* End PBXTargetDependency section */

/* Begin XCBuildConfiguration section */
		C81E52662DFAFAAB00CEB7A5 /* Debug */ = {
			isa = XCBuildConfiguration;
			buildSettings = {
				ASSETCATALOG_COMPILER_APPICON_NAME = AppIcon;
				ASSETCATALOG_COMPILER_GLOBAL_ACCENT_COLOR_NAME = AccentColor;
				ASSETCATALOG_COMPILER_INCLUDE_ALL_APPICON_ASSETS = NO;
				CODE_SIGN_ENTITLEMENTS = kairos24h/kairos24h.entitlements;
				CODE_SIGN_IDENTITY = "Apple Development";
				CODE_SIGN_STYLE = Automatic;
				CURRENT_PROJECT_VERSION = 1;
				DEVELOPMENT_TEAM = 4NXQ7FZBLS;
				ENABLE_HARDENED_RUNTIME = YES;
				ENABLE_PREVIEWS = YES;
				GENERATE_INFOPLIST_FILE = YES;
				INFOPLIST_FILE = kairos24h/Info.plist;
				"INFOPLIST_KEY_UIApplicationSceneManifest_Generation[sdk=iphoneos*]" = YES;
				"INFOPLIST_KEY_UIApplicationSceneManifest_Generation[sdk=iphonesimulator*]" = YES;
				"INFOPLIST_KEY_UIApplicationSupportsIndirectInputEvents[sdk=iphoneos*]" = YES;
				"INFOPLIST_KEY_UIApplicationSupportsIndirectInputEvents[sdk=iphonesimulator*]" = YES;
				"INFOPLIST_KEY_UILaunchScreen_Generation[sdk=iphoneos*]" = YES;
				"INFOPLIST_KEY_UILaunchScreen_Generation[sdk=iphonesimulator*]" = YES;
				"INFOPLIST_KEY_UIStatusBarStyle[sdk=iphoneos*]" = UIStatusBarStyleDefault;
				"INFOPLIST_KEY_UIStatusBarStyle[sdk=iphonesimulator*]" = UIStatusBarStyleDefault;
				INFOPLIST_KEY_UISupportedInterfaceOrientations_iPad = "UIInterfaceOrientationPortrait UIInterfaceOrientationPortraitUpsideDown UIInterfaceOrientationLandscapeLeft UIInterfaceOrientationLandscapeRight";
				INFOPLIST_KEY_UISupportedInterfaceOrientations_iPhone = "UIInterfaceOrientationPortrait UIInterfaceOrientationLandscapeLeft UIInterfaceOrientationLandscapeRight";
				IPHONEOS_DEPLOYMENT_TARGET = 18.5;
				LD_RUNPATH_SEARCH_PATHS = "@executable_path/Frameworks";
				"LD_RUNPATH_SEARCH_PATHS[sdk=macosx*]" = "@executable_path/../Frameworks";
				MACOSX_DEPLOYMENT_TARGET = 14.0;
				MARKETING_VERSION = 1.0;
				PRODUCT_BUNDLE_IDENTIFIER = "desarrollo-iOs.kairos24h";
				PRODUCT_NAME = "$(TARGET_NAME)";
				PROVISIONING_PROFILE_SPECIFIER = "";
				REGISTER_APP_GROUPS = YES;
				SDKROOT = auto;
				SUPPORTED_PLATFORMS = "iphoneos iphonesimulator macosx xros xrsimulator";
				SWIFT_EMIT_LOC_STRINGS = YES;
				SWIFT_VERSION = 5.0;
				TARGETED_DEVICE_FAMILY = "1,2,7";
				XROS_DEPLOYMENT_TARGET = 2.5;
			};
			name = Debug;
		};
		C81E52672DFAFAAB00CEB7A5 /* Release */ = {
			isa = XCBuildConfiguration;
			buildSettings = {
				ASSETCATALOG_COMPILER_APPICON_NAME = AppIcon;
				ASSETCATALOG_COMPILER_GLOBAL_ACCENT_COLOR_NAME = AccentColor;
				ASSETCATALOG_COMPILER_INCLUDE_ALL_APPICON_ASSETS = NO;
				CODE_SIGN_ENTITLEMENTS = kairos24h/kairos24h.entitlements;
				CODE_SIGN_IDENTITY = "Apple Development";
				CODE_SIGN_STYLE = Automatic;
				CURRENT_PROJECT_VERSION = 1;
				DEVELOPMENT_TEAM = 4NXQ7FZBLS;
				ENABLE_HARDENED_RUNTIME = YES;
				ENABLE_PREVIEWS = YES;
				GENERATE_INFOPLIST_FILE = YES;
				INFOPLIST_FILE = kairos24h/Info.plist;
				"INFOPLIST_KEY_UIApplicationSceneManifest_Generation[sdk=iphoneos*]" = YES;
				"INFOPLIST_KEY_UIApplicationSceneManifest_Generation[sdk=iphonesimulator*]" = YES;
				"INFOPLIST_KEY_UIApplicationSupportsIndirectInputEvents[sdk=iphoneos*]" = YES;
				"INFOPLIST_KEY_UIApplicationSupportsIndirectInputEvents[sdk=iphonesimulator*]" = YES;
				"INFOPLIST_KEY_UILaunchScreen_Generation[sdk=iphoneos*]" = YES;
				"INFOPLIST_KEY_UILaunchScreen_Generation[sdk=iphonesimulator*]" = YES;
				"INFOPLIST_KEY_UIStatusBarStyle[sdk=iphoneos*]" = UIStatusBarStyleDefault;
				"INFOPLIST_KEY_UIStatusBarStyle[sdk=iphonesimulator*]" = UIStatusBarStyleDefault;
				INFOPLIST_KEY_UISupportedInterfaceOrientations_iPad = "UIInterfaceOrientationPortrait UIInterfaceOrientationPortraitUpsideDown UIInterfaceOrientationLandscapeLeft UIInterfaceOrientationLandscapeRight";
				INFOPLIST_KEY_UISupportedInterfaceOrientations_iPhone = "UIInterfaceOrientationPortrait UIInterfaceOrientationLandscapeLeft UIInterfaceOrientationLandscapeRight";
				IPHONEOS_DEPLOYMENT_TARGET = 18.5;
				LD_RUNPATH_SEARCH_PATHS = "@executable_path/Frameworks";
				"LD_RUNPATH_SEARCH_PATHS[sdk=macosx*]" = "@executable_path/../Frameworks";
				MACOSX_DEPLOYMENT_TARGET = 14.0;
				MARKETING_VERSION = 1.0;
				PRODUCT_BUNDLE_IDENTIFIER = "desarrollo-iOs.kairos24h";
				PRODUCT_NAME = "$(TARGET_NAME)";
				PROVISIONING_PROFILE_SPECIFIER = "";
				REGISTER_APP_GROUPS = YES;
				SDKROOT = auto;
				SUPPORTED_PLATFORMS = "iphoneos iphonesimulator macosx xros xrsimulator";
				SWIFT_EMIT_LOC_STRINGS = YES;
				SWIFT_VERSION = 5.0;
				TARGETED_DEVICE_FAMILY = "1,2,7";
				XROS_DEPLOYMENT_TARGET = 2.5;
			};
			name = Release;
		};
		C81E52682DFAFAAB00CEB7A5 /* Debug */ = {
			isa = XCBuildConfiguration;
			buildSettings = {
				ALWAYS_SEARCH_USER_PATHS = NO;
				ASSETCATALOG_COMPILER_GENERATE_SWIFT_ASSET_SYMBOL_EXTENSIONS = YES;
				CLANG_ANALYZER_NONNULL = YES;
				CLANG_ANALYZER_NUMBER_OBJECT_CONVERSION = YES_AGGRESSIVE;
				CLANG_CXX_LANGUAGE_STANDARD = "gnu++20";
				CLANG_ENABLE_MODULES = YES;
				CLANG_ENABLE_OBJC_ARC = YES;
				CLANG_ENABLE_OBJC_WEAK = YES;
				CLANG_WARN_BLOCK_CAPTURE_AUTORELEASING = YES;
				CLANG_WARN_BOOL_CONVERSION = YES;
				CLANG_WARN_COMMA = YES;
				CLANG_WARN_CONSTANT_CONVERSION = YES;
				CLANG_WARN_DEPRECATED_OBJC_IMPLEMENTATIONS = YES;
				CLANG_WARN_DIRECT_OBJC_ISA_USAGE = YES_ERROR;
				CLANG_WARN_DOCUMENTATION_COMMENTS = YES;
				CLANG_WARN_EMPTY_BODY = YES;
				CLANG_WARN_ENUM_CONVERSION = YES;
				CLANG_WARN_INFINITE_RECURSION = YES;
				CLANG_WARN_INT_CONVERSION = YES;
				CLANG_WARN_NON_LITERAL_NULL_CONVERSION = YES;
				CLANG_WARN_OBJC_IMPLICIT_RETAIN_SELF = YES;
				CLANG_WARN_OBJC_LITERAL_CONVERSION = YES;
				CLANG_WARN_OBJC_ROOT_CLASS = YES_ERROR;
				CLANG_WARN_QUOTED_INCLUDE_IN_FRAMEWORK_HEADER = YES;
				CLANG_WARN_RANGE_LOOP_ANALYSIS = YES;
				CLANG_WARN_STRICT_PROTOTYPES = YES;
				CLANG_WARN_SUSPICIOUS_MOVE = YES;
				CLANG_WARN_UNGUARDED_AVAILABILITY = YES_AGGRESSIVE;
				CLANG_WARN_UNREACHABLE_CODE = YES;
				CLANG_WARN__DUPLICATE_METHOD_MATCH = YES;
				COPY_PHASE_STRIP = NO;
				DEBUG_INFORMATION_FORMAT = dwarf;
				DEVELOPMENT_TEAM = 4NXQ7FZBLS;
				ENABLE_STRICT_OBJC_MSGSEND = YES;
				ENABLE_TESTABILITY = YES;
				ENABLE_USER_SCRIPT_SANDBOXING = YES;
				GCC_C_LANGUAGE_STANDARD = gnu17;
				GCC_DYNAMIC_NO_PIC = NO;
				GCC_NO_COMMON_BLOCKS = YES;
				GCC_OPTIMIZATION_LEVEL = 0;
				GCC_PREPROCESSOR_DEFINITIONS = (
					"DEBUG=1",
					"$(inherited)",
				);
				GCC_WARN_64_TO_32_BIT_CONVERSION = YES;
				GCC_WARN_ABOUT_RETURN_TYPE = YES_ERROR;
				GCC_WARN_UNDECLARED_SELECTOR = YES;
				GCC_WARN_UNINITIALIZED_AUTOS = YES_AGGRESSIVE;
				GCC_WARN_UNUSED_FUNCTION = YES;
				GCC_WARN_UNUSED_VARIABLE = YES;
				LOCALIZATION_PREFERS_STRING_CATALOGS = YES;
				MTL_ENABLE_DEBUG_INFO = INCLUDE_SOURCE;
				MTL_FAST_MATH = YES;
				ONLY_ACTIVE_ARCH = YES;
				SWIFT_ACTIVE_COMPILATION_CONDITIONS = "DEBUG $(inherited)";
				SWIFT_OPTIMIZATION_LEVEL = "-Onone";
			};
			name = Debug;
		};
		C81E52692DFAFAAB00CEB7A5 /* Release */ = {
			isa = XCBuildConfiguration;
			buildSettings = {
				ALWAYS_SEARCH_USER_PATHS = NO;
				ASSETCATALOG_COMPILER_GENERATE_SWIFT_ASSET_SYMBOL_EXTENSIONS = YES;
				CLANG_ANALYZER_NONNULL = YES;
				CLANG_ANALYZER_NUMBER_OBJECT_CONVERSION = YES_AGGRESSIVE;
				CLANG_CXX_LANGUAGE_STANDARD = "gnu++20";
				CLANG_ENABLE_MODULES = YES;
				CLANG_ENABLE_OBJC_ARC = YES;
				CLANG_ENABLE_OBJC_WEAK = YES;
				CLANG_WARN_BLOCK_CAPTURE_AUTORELEASING = YES;
				CLANG_WARN_BOOL_CONVERSION = YES;
				CLANG_WARN_COMMA = YES;
				CLANG_WARN_CONSTANT_CONVERSION = YES;
				CLANG_WARN_DEPRECATED_OBJC_IMPLEMENTATIONS = YES;
				CLANG_WARN_DIRECT_OBJC_ISA_USAGE = YES_ERROR;
				CLANG_WARN_DOCUMENTATION_COMMENTS = YES;
				CLANG_WARN_EMPTY_BODY = YES;
				CLANG_WARN_ENUM_CONVERSION = YES;
				CLANG_WARN_INFINITE_RECURSION = YES;
				CLANG_WARN_INT_CONVERSION = YES;
				CLANG_WARN_NON_LITERAL_NULL_CONVERSION = YES;
				CLANG_WARN_OBJC_IMPLICIT_RETAIN_SELF = YES;
				CLANG_WARN_OBJC_LITERAL_CONVERSION = YES;
				CLANG_WARN_OBJC_ROOT_CLASS = YES_ERROR;
				CLANG_WARN_QUOTED_INCLUDE_IN_FRAMEWORK_HEADER = YES;
				CLANG_WARN_RANGE_LOOP_ANALYSIS = YES;
				CLANG_WARN_STRICT_PROTOTYPES = YES;
				CLANG_WARN_SUSPICIOUS_MOVE = YES;
				CLANG_WARN_UNGUARDED_AVAILABILITY = YES_AGGRESSIVE;
				CLANG_WARN_UNREACHABLE_CODE = YES;
				CLANG_WARN__DUPLICATE_METHOD_MATCH = YES;
				COPY_PHASE_STRIP = NO;
				DEBUG_INFORMATION_FORMAT = "dwarf-with-dsym";
				DEVELOPMENT_TEAM = 4NXQ7FZBLS;
				ENABLE_NS_ASSERTIONS = NO;
				ENABLE_STRICT_OBJC_MSGSEND = YES;
				ENABLE_USER_SCRIPT_SANDBOXING = YES;
				GCC_C_LANGUAGE_STANDARD = gnu17;
				GCC_NO_COMMON_BLOCKS = YES;
				GCC_WARN_64_TO_32_BIT_CONVERSION = YES;
				GCC_WARN_ABOUT_RETURN_TYPE = YES_ERROR;
				GCC_WARN_UNDECLARED_SELECTOR = YES;
				GCC_WARN_UNINITIALIZED_AUTOS = YES_AGGRESSIVE;
				GCC_WARN_UNUSED_FUNCTION = YES;
				GCC_WARN_UNUSED_VARIABLE = YES;
				LOCALIZATION_PREFERS_STRING_CATALOGS = YES;
				MTL_ENABLE_DEBUG_INFO = NO;
				MTL_FAST_MATH = YES;
				SWIFT_COMPILATION_MODE = wholemodule;
			};
			name = Release;
		};
		C81E526B2DFAFAAB00CEB7A5 /* Debug */ = {
			isa = XCBuildConfiguration;
			buildSettings = {
				BUNDLE_LOADER = "$(TEST_HOST)";
				CODE_SIGN_STYLE = Automatic;
				CURRENT_PROJECT_VERSION = 1;
				DEVELOPMENT_TEAM = 4NXQ7FZBLS;
				GENERATE_INFOPLIST_FILE = YES;
				IPHONEOS_DEPLOYMENT_TARGET = 18.5;
				MACOSX_DEPLOYMENT_TARGET = 15.5;
				MARKETING_VERSION = 1.0;
				PRODUCT_BUNDLE_IDENTIFIER = "desarrollo-iOs.kairos24hTests";
				PRODUCT_NAME = "$(TARGET_NAME)";
				SDKROOT = auto;
				SUPPORTED_PLATFORMS = "iphoneos iphonesimulator macosx xros xrsimulator";
				SWIFT_EMIT_LOC_STRINGS = NO;
				SWIFT_VERSION = 5.0;
				TARGETED_DEVICE_FAMILY = "1,2,7";
				TEST_HOST = "$(BUILT_PRODUCTS_DIR)/kairos24h.app/$(BUNDLE_EXECUTABLE_FOLDER_PATH)/kairos24h";
				XROS_DEPLOYMENT_TARGET = 2.5;
			};
			name = Debug;
		};
		C81E526C2DFAFAAB00CEB7A5 /* Release */ = {
			isa = XCBuildConfiguration;
			buildSettings = {
				BUNDLE_LOADER = "$(TEST_HOST)";
				CODE_SIGN_STYLE = Automatic;
				CURRENT_PROJECT_VERSION = 1;
				DEVELOPMENT_TEAM = 4NXQ7FZBLS;
				GENERATE_INFOPLIST_FILE = YES;
				IPHONEOS_DEPLOYMENT_TARGET = 18.5;
				MACOSX_DEPLOYMENT_TARGET = 15.5;
				MARKETING_VERSION = 1.0;
				PRODUCT_BUNDLE_IDENTIFIER = "desarrollo-iOs.kairos24hTests";
				PRODUCT_NAME = "$(TARGET_NAME)";
				SDKROOT = auto;
				SUPPORTED_PLATFORMS = "iphoneos iphonesimulator macosx xros xrsimulator";
				SWIFT_EMIT_LOC_STRINGS = NO;
				SWIFT_VERSION = 5.0;
				TARGETED_DEVICE_FAMILY = "1,2,7";
				TEST_HOST = "$(BUILT_PRODUCTS_DIR)/kairos24h.app/$(BUNDLE_EXECUTABLE_FOLDER_PATH)/kairos24h";
				XROS_DEPLOYMENT_TARGET = 2.5;
			};
			name = Release;
		};
		C81E526E2DFAFAAB00CEB7A5 /* Debug */ = {
			isa = XCBuildConfiguration;
			buildSettings = {
				CODE_SIGN_STYLE = Automatic;
				CURRENT_PROJECT_VERSION = 1;
				DEVELOPMENT_TEAM = 4NXQ7FZBLS;
				GENERATE_INFOPLIST_FILE = YES;
				IPHONEOS_DEPLOYMENT_TARGET = 18.5;
				MACOSX_DEPLOYMENT_TARGET = 15.5;
				MARKETING_VERSION = 1.0;
				PRODUCT_BUNDLE_IDENTIFIER = "desarrollo-iOs.kairos24hUITests";
				PRODUCT_NAME = "$(TARGET_NAME)";
				SDKROOT = auto;
				SUPPORTED_PLATFORMS = "iphoneos iphonesimulator macosx xros xrsimulator";
				SWIFT_EMIT_LOC_STRINGS = NO;
				SWIFT_VERSION = 5.0;
				TARGETED_DEVICE_FAMILY = "1,2,7";
				TEST_TARGET_NAME = kairos24h;
				XROS_DEPLOYMENT_TARGET = 2.5;
			};
			name = Debug;
		};
		C81E526F2DFAFAAB00CEB7A5 /* Release */ = {
			isa = XCBuildConfiguration;
			buildSettings = {
				CODE_SIGN_STYLE = Automatic;
				CURRENT_PROJECT_VERSION = 1;
				DEVELOPMENT_TEAM = 4NXQ7FZBLS;
				GENERATE_INFOPLIST_FILE = YES;
				IPHONEOS_DEPLOYMENT_TARGET = 18.5;
				MACOSX_DEPLOYMENT_TARGET = 15.5;
				MARKETING_VERSION = 1.0;
				PRODUCT_BUNDLE_IDENTIFIER = "desarrollo-iOs.kairos24hUITests";
				PRODUCT_NAME = "$(TARGET_NAME)";
				SDKROOT = auto;
				SUPPORTED_PLATFORMS = "iphoneos iphonesimulator macosx xros xrsimulator";
				SWIFT_EMIT_LOC_STRINGS = NO;
				SWIFT_VERSION = 5.0;
				TARGETED_DEVICE_FAMILY = "1,2,7";
				TEST_TARGET_NAME = kairos24h;
				XROS_DEPLOYMENT_TARGET = 2.5;
			};
			name = Release;
		};
/* End XCBuildConfiguration section */

/* Begin XCConfigurationList section */
		C81E523C2DFAFAA900CEB7A5 /* Build configuration list for PBXProject "kairos24h" */ = {
			isa = XCConfigurationList;
			buildConfigurations = (
				C81E52682DFAFAAB00CEB7A5 /* Debug */,
				C81E52692DFAFAAB00CEB7A5 /* Release */,
			);
			defaultConfigurationIsVisible = 0;
			defaultConfigurationName = Release;
		};
		C81E52652DFAFAAB00CEB7A5 /* Build configuration list for PBXNativeTarget "kairos24h" */ = {
			isa = XCConfigurationList;
			buildConfigurations = (
				C81E52662DFAFAAB00CEB7A5 /* Debug */,
				C81E52672DFAFAAB00CEB7A5 /* Release */,
			);
			defaultConfigurationIsVisible = 0;
			defaultConfigurationName = Release;
		};
		C81E526A2DFAFAAB00CEB7A5 /* Build configuration list for PBXNativeTarget "kairos24hTests" */ = {
			isa = XCConfigurationList;
			buildConfigurations = (
				C81E526B2DFAFAAB00CEB7A5 /* Debug */,
				C81E526C2DFAFAAB00CEB7A5 /* Release */,
			);
			defaultConfigurationIsVisible = 0;
			defaultConfigurationName = Release;
		};
		C81E526D2DFAFAAB00CEB7A5 /* Build configuration list for PBXNativeTarget "kairos24hUITests" */ = {
			isa = XCConfigurationList;
			buildConfigurations = (
				C81E526E2DFAFAAB00CEB7A5 /* Debug */,
				C81E526F2DFAFAAB00CEB7A5 /* Release */,
			);
			defaultConfigurationIsVisible = 0;
			defaultConfigurationName = Release;
		};
/* End XCConfigurationList section */

/* Begin XCRemoteSwiftPackageReference section */
		C87768BE2E1402DF004568A9 /* XCRemoteSwiftPackageReference "Reachability.swift" */ = {
			isa = XCRemoteSwiftPackageReference;
			repositoryURL = "https://github.com/ashleymills/Reachability.swift.git";
			requirement = {
				branch = master;
				kind = branch;
			};
		};
/* End XCRemoteSwiftPackageReference section */

/* Begin XCSwiftPackageProductDependency section */
		C87768BF2E1402DF004568A9 /* Reachability */ = {
			isa = XCSwiftPackageProductDependency;
			package = C87768BE2E1402DF004568A9 /* XCRemoteSwiftPackageReference "Reachability.swift" */;
			productName = Reachability;
		};
/* End XCSwiftPackageProductDependency section */
	};
	rootObject = C81E52392DFAFAA900CEB7A5 /* Project object */;
}
